lockfileVersion: '9.0'

settings:
  autoInstallPeers: true
  excludeLinksFromLockfile: false

importers:

  .:
    dependencies:
      '@textlint/markdown-to-ast':
        specifier: ^14.4.2
        version: 14.4.2
      buffer-image-size:
        specifier: ^0.6.4
        version: 0.6.4
      googleapis:
        specifier: ^144.0.0
        version: 144.0.0
      googleapis-common:
        specifier: ^7.2.0
        version: 7.2.0
      http-status-codes:
        specifier: ^2.3.0
        version: 2.3.0
      luxon:
        specifier: ^3.5.0
        version: 3.5.0
      unstorage:
        specifier: ^1.15.0
        version: 1.15.0
      xlsx:
        specifier: ^0.18.5
        version: 0.18.5
    devDependencies:
      '@textlint/ast-node-types':
        specifier: ^14.4.2
        version: 14.4.2
      '@types/luxon':
        specifier: ^3.4.2
        version: 3.4.2
      '@types/node':
        specifier: ^22.7.5
        version: 22.7.5
      '@types/textract':
        specifier: ^2.4.5
        version: 2.4.5
      concurrently:
        specifier: ^9.0.1
        version: 9.0.1
      tsc-alias:
        specifier: ^1.8.10
        version: 1.8.10
      typescript:
        specifier: ^5.6.2
        version: 5.6.2

packages:

  '@nodelib/fs.scandir@2.1.5':
    resolution: {integrity: sha512-vq24Bq3ym5HEQm2NKCr3yXDwjc7vTsEThRDnkp2DK9p1uqLR+DHurm/NOTo0KG7HYHU7eppKZj3MyqYuMBf62g==}
    engines: {node: '>= 8'}

  '@nodelib/fs.stat@2.0.5':
    resolution: {integrity: sha512-RkhPPp2zrqDAQA/2jNhnztcPAlv64XdhIp7a7454A5ovI7Bukxgt7MX7udwAu3zg1DcpPU0rz3VV1SeaqvY4+A==}
    engines: {node: '>= 8'}

  '@nodelib/fs.walk@1.2.8':
    resolution: {integrity: sha512-oGB+UxlgWcgQkgwo8GcEGwemoTFt3FIO9ababBmaGwXIoBKZ+GTy0pP185beGg7Llih/NSHSV2XAs1lnznocSg==}
    engines: {node: '>= 8'}

  '@textlint/ast-node-types@14.4.2':
    resolution: {integrity: sha512-e8/drNznaZHS/qGDC83k6Ht1wDWNHzGQ0RHcXD+72YMFercEFvp6WVfW5XbCbxGbSITEO5NBCOCTyeccS9lxEA==}

  '@textlint/markdown-to-ast@14.4.2':
    resolution: {integrity: sha512-hj2xR9hz5/Tu7Hlrn6VORJgdAfUhAd5j6cBkEVpnKAU4LaERkNyVCgK/da2JHK2w84YHmaDjER4D6zUUkllwag==}

  '@types/luxon@3.4.2':
    resolution: {integrity: sha512-TifLZlFudklWlMBfhubvgqTXRzLDI5pCbGa4P8a3wPyUQSW+1xQ5eDsreP9DWHX3tjq1ke96uYG/nwundroWcA==}

  '@types/mdast@3.0.15':
    resolution: {integrity: sha512-LnwD+mUEfxWMa1QpDraczIn6k0Ee3SMicuYSSzS6ZYl2gKS09EClnJYGd8Du6rfc5r/GZEk5o1mRb8TaTj03sQ==}

  '@types/node@22.7.5':
    resolution: {integrity: sha512-jML7s2NAzMWc//QSJ1a3prpk78cOPchGvXJsC3C6R6PSMoooztvRVQEz89gmBTBY1SPMaqo5teB4uNHPdetShQ==}

  '@types/textract@2.4.5':
    resolution: {integrity: sha512-FCGFdAygeoXMPdSkciKT6YUgrrJ76SLX0e9MrjDdjvaX+G0jScT5jBakA3LZCQ4hp2mxxdOuoG4neoQJBJC6AQ==}

  '@types/unist@2.0.11':
    resolution: {integrity: sha512-CmBKiL6NNo/OqgmMn95Fk9Whlp2mtvIv+KNpQKN2F4SjvrEesubTRWGYSg+BnWZOnlCaSTU1sMpsBOzgbYhnsA==}

  adler-32@1.3.1:
    resolution: {integrity: sha512-ynZ4w/nUUv5rrsR8UUGoe1VC9hZj6V5hU9Qw1HlMDJGEJw5S7TfTErWTjMys6M7vr0YWcPqs3qAr4ss0nDfP+A==}
    engines: {node: '>=0.8'}

  agent-base@7.1.1:
    resolution: {integrity: sha512-H0TSyFNDMomMNJQBn8wFV5YC/2eJ+VXECwOadZJT554xP6cODZHPX3H9QMQECxvrgiSOP1pHjy1sMWQVYJOUOA==}
    engines: {node: '>= 14'}

  ansi-regex@5.0.1:
    resolution: {integrity: sha512-quJQXlTSUGL2LH9SUXo8VwsY4soanhgo6LNSm84E1LBcE8s3O0wpdiRzyR9z/ZZJMlMWv37qOOb9pdJlMUEKFQ==}
    engines: {node: '>=8'}

  ansi-styles@4.3.0:
    resolution: {integrity: sha512-zbB9rCJAT1rbjiVDb2hqKFHNYLxgtk8NURxZ3IZwD3F6NtxbXZQCnnSi1Lkx+IDohdPlFp222wVALIheZJQSEg==}
    engines: {node: '>=8'}

  anymatch@3.1.3:
    resolution: {integrity: sha512-KMReFUr0B4t+D+OBkjR3KYqvocp2XaSzO55UcB6mgQMd3KbcE+mWTyvVV7D/zsdEbNnV6acZUutkiHQXvTr1Rw==}
    engines: {node: '>= 8'}

  array-union@2.1.0:
    resolution: {integrity: sha512-HGyxoOTYUyCM6stUe6EJgnd4EoewAI7zMdfqO+kGjnlZmBDz/cR5pf8r/cR4Wq60sL/p0IkcjUEEPwS3GFrIyw==}
    engines: {node: '>=8'}

  bail@1.0.5:
    resolution: {integrity: sha512-xFbRxM1tahm08yHBP16MMjVUAvDaBMD38zsM9EMAUN61omwLmKlOpB/Zku5QkjZ8TZ4vn53pj+t518cH0S03RQ==}

  base64-js@1.5.1:
    resolution: {integrity: sha512-AKpaYlHn8t4SVbOHCy+b5+KKgvR4vrsD8vbvrbiQJps7fKDTkjkDry6ji0rUJjC0kzbNePLwzxq8iypo41qeWA==}

  bignumber.js@9.1.2:
    resolution: {integrity: sha512-2/mKyZH9K85bzOEfhXDBFZTGd1CTs+5IHpeFQo9luiBG7hghdC851Pj2WAhb6E3R6b9tZj/XKhbg4fum+Kepug==}

  binary-extensions@2.3.0:
    resolution: {integrity: sha512-Ceh+7ox5qe7LJuLHoY0feh3pHuUDHAcRUeyL2VYghZwfpkNIy/+8Ocg0a3UuSoYzavmylwuLWQOf3hl0jjMMIw==}
    engines: {node: '>=8'}

  braces@3.0.3:
    resolution: {integrity: sha512-yQbXgO/OSZVD2IsiLlro+7Hf6Q18EJrKSEsdoMzKePKXct3gvD8oLcOQdIzGupr5Fj+EDe8gO/lxc1BzfMpxvA==}
    engines: {node: '>=8'}

  buffer-equal-constant-time@1.0.1:
    resolution: {integrity: sha512-zRpUiDwd/xk6ADqPMATG8vc9VPrkck7T07OIx0gnjmJAnHnTVXNQG3vfvWNuiZIkwu9KrKdA1iJKfsfTVxE6NA==}

  buffer-image-size@0.6.4:
    resolution: {integrity: sha512-nEh+kZOPY1w+gcCMobZ6ETUp9WfibndnosbpwB1iJk/8Gt5ZF2bhS6+B6bPYz424KtwsR6Rflc3tCz1/ghX2dQ==}
    engines: {node: '>=4.0'}

  call-bind@1.0.7:
    resolution: {integrity: sha512-GHTSNSYICQ7scH7sZ+M2rFopRoLh8t2bLSW6BbgrtLsahOIB5iyAVJf9GjWK3cYTDaMj4XdBpM1cA6pIS0Kv2w==}
    engines: {node: '>= 0.4'}

  ccount@1.1.0:
    resolution: {integrity: sha512-vlNK021QdI7PNeiUh/lKkC/mNHHfV0m/Ad5JoI0TYtlBnJAslM/JIkm/tGC88bkLIwO6OQ5uV6ztS6kVAtCDlg==}

  cfb@1.2.2:
    resolution: {integrity: sha512-KfdUZsSOw19/ObEWasvBP/Ac4reZvAGauZhs6S/gqNhXhI7cKwvlH7ulj+dOEYnca4bm4SGo8C1bTAQvnTjgQA==}
    engines: {node: '>=0.8'}

  chalk@4.1.2:
    resolution: {integrity: sha512-oKnbhFyRIXpUuez8iBMmyEa4nbj4IOQyuhc/wy9kY7/WVPcwIO9VA668Pu8RkO7+0G76SLROeyw9CpQ061i4mA==}
    engines: {node: '>=10'}

  character-entities-legacy@1.1.4:
    resolution: {integrity: sha512-3Xnr+7ZFS1uxeiUDvV02wQ+QDbc55o97tIV5zHScSPJpcLm/r0DFPcoY3tYRp+VZukxuMeKgXYmsXQHO05zQeA==}

  character-entities@1.2.4:
    resolution: {integrity: sha512-iBMyeEHxfVnIakwOuDXpVkc54HijNgCyQB2w0VfGQThle6NXn50zU6V/u+LDhxHcDUPojn6Kpga3PTAD8W1bQw==}

  character-reference-invalid@1.1.4:
    resolution: {integrity: sha512-mKKUkUbhPpQlCOfIuZkvSEgktjPFIsZKRRbC6KWVEMvlzblj3i3asQv5ODsrwt0N3pHAEvjP8KTQPHkp0+6jOg==}

  chokidar@3.6.0:
    resolution: {integrity: sha512-7VT13fmjotKpGipCW9JEQAusEPE+Ei8nl6/g4FBAmIm0GOOLMua9NDDo/DWp0ZAxCr3cPq5ZpBqmPAQgDda2Pw==}
    engines: {node: '>= 8.10.0'}

  chokidar@4.0.3:
    resolution: {integrity: sha512-Qgzu8kfBvo+cA4962jnP1KkS6Dop5NS6g7R5LFYJr4b8Ub94PPQXUksCw9PvXoeXPRRddRNC5C1JQUR2SMGtnA==}
    engines: {node: '>= 14.16.0'}

  cliui@8.0.1:
    resolution: {integrity: sha512-BSeNnyus75C4//NQ9gQt1/csTXyo/8Sb+afLAkzAptFuMsod9HFokGNudZpi/oQV73hnVK+sR+5PVRMd+Dr7YQ==}
    engines: {node: '>=12'}

  codepage@1.15.0:
    resolution: {integrity: sha512-3g6NUTPd/YtuuGrhMnOMRjFc+LJw/bnMp3+0r/Wcz3IXUuCosKRJvMphm5+Q+bvTVGcJJuRvVLuYba+WojaFaA==}
    engines: {node: '>=0.8'}

  color-convert@2.0.1:
    resolution: {integrity: sha512-RRECPsj7iu/xb5oKYcsFHSppFNnsj/52OVTRKb4zP5onXwVF3zVmmToNcOfGC+CRDpfK/U584fMg38ZHCaElKQ==}
    engines: {node: '>=7.0.0'}

  color-name@1.1.4:
    resolution: {integrity: sha512-dOy+3AuW3a2wNbZHIuMZpTcgjGuLU/uBL/ubcZF9OXbDo8ff4O8yVp5Bf0efS8uEoYo5q4Fx7dY9OgQGXgAsQA==}

  commander@9.5.0:
    resolution: {integrity: sha512-KRs7WVDKg86PWiuAqhDrAQnTXZKraVcCc6vFdL14qrZ/DcWwuRo7VoiYXalXO7S5GKpqYiVEwCbgFDfxNHKJBQ==}
    engines: {node: ^12.20.0 || >=14}

  concurrently@9.0.1:
    resolution: {integrity: sha512-wYKvCd/f54sTXJMSfV6Ln/B8UrfLBKOYa+lzc6CHay3Qek+LorVSBdMVfyewFhRbH0Rbabsk4D+3PL/VjQ5gzg==}
    engines: {node: '>=18'}
    hasBin: true

  cookie-es@1.2.2:
    resolution: {integrity: sha512-+W7VmiVINB+ywl1HGXJXmrqkOhpKrIiVZV6tQuV54ZyQC7MMuBt81Vc336GMLoHBq5hV/F9eXgt5Mnx0Rha5Fg==}

  crc-32@1.2.2:
    resolution: {integrity: sha512-ROmzCKrTnOwybPcJApAA6WBWij23HVfGVNKqqrZpuyZOHqK2CwHSvpGuyt/UNNvaIjEd8X5IFGp4Mh+Ie1IHJQ==}
    engines: {node: '>=0.8'}
    hasBin: true

  crossws@0.3.4:
    resolution: {integrity: sha512-uj0O1ETYX1Bh6uSgktfPvwDiPYGQ3aI4qVsaC/LWpkIzGj1nUYm5FK3K+t11oOlpN01lGbprFCH4wBlKdJjVgw==}

  debug@4.3.7:
    resolution: {integrity: sha512-Er2nc/H7RrMXZBFCEim6TCmMk02Z8vLC2Rbi1KEBggpo0fS6l0S1nnapwmIi3yW/+GOJap1Krg4w0Hg80oCqgQ==}
    engines: {node: '>=6.0'}
    peerDependencies:
      supports-color: '*'
    peerDependenciesMeta:
      supports-color:
        optional: true

  debug@4.4.0:
    resolution: {integrity: sha512-6WTZ/IxCY/T6BALoZHaE4ctp9xm+Z5kY/pzYaCHRFeyVhojxlrm+46y68HA6hr0TcwEssoxNiDEUJQjfPZ/RYA==}
    engines: {node: '>=6.0'}
    peerDependencies:
      supports-color: '*'
    peerDependenciesMeta:
      supports-color:
        optional: true

  define-data-property@1.1.4:
    resolution: {integrity: sha512-rBMvIzlpA8v6E+SJZoo++HAYqsLrkg7MSfIinMPFhmkorw7X+dOXVJQs+QT69zGkzMyfDnIMN2Wid1+NbL3T+A==}
    engines: {node: '>= 0.4'}

  defu@6.1.4:
    resolution: {integrity: sha512-mEQCMmwJu317oSz8CwdIOdwf3xMif1ttiM8LTufzc3g6kR+9Pe236twL8j3IYT1F7GfRgGcW6MWxzZjLIkuHIg==}

  destr@2.0.3:
    resolution: {integrity: sha512-2N3BOUU4gYMpTP24s5rF5iP7BDr7uNTCs4ozw3kf/eKfvWSIu93GEBi5m427YoyJoeOzQ5smuu4nNAPGb8idSQ==}

  dir-glob@3.0.1:
    resolution: {integrity: sha512-WkrWp9GR4KXfKGYzOLmTuGVi1UWFfws377n9cc55/tb6DuqyF6pcQ5AbiHEshaDpY9v6oaSr2XCDidGmMwdzIA==}
    engines: {node: '>=8'}

  ecdsa-sig-formatter@1.0.11:
    resolution: {integrity: sha512-nagl3RYrbNv6kQkeJIpt6NJZy8twLB/2vtz6yN9Z4vRKHN4/QZJIEbqohALSgwKdnksuY3k5Addp5lg8sVoVcQ==}

  emoji-regex@8.0.0:
    resolution: {integrity: sha512-MSjYzcWNOA0ewAHpz0MxpYFvwg6yjy1NG3xteoqz644VCo/RPgnr1/GGt+ic3iJTzQ8Eu3TdM14SawnVUmGE6A==}

  es-define-property@1.0.0:
    resolution: {integrity: sha512-jxayLKShrEqqzJ0eumQbVhTYQM27CfT1T35+gCgDFoL82JLsXqTJ76zv6A0YLOgEnLUMvLzsDsGIrl8NFpT2gQ==}
    engines: {node: '>= 0.4'}

  es-errors@1.3.0:
    resolution: {integrity: sha512-Zf5H2Kxt2xjTvbJvP2ZWLEICxA6j+hAmMzIlypy4xcBg1vKVnx89Wy0GbS+kf5cwCVFFzdCFh2XSCFNULS6csw==}
    engines: {node: '>= 0.4'}

  escalade@3.2.0:
    resolution: {integrity: sha512-WUj2qlxaQtO4g6Pq5c29GTcWGDyd8itL8zTlipgECz3JesAiiOKotd8JU6otB3PACgG6xkJUyVhboMS+bje/jA==}
    engines: {node: '>=6'}

  escape-string-regexp@4.0.0:
    resolution: {integrity: sha512-TtpcNJ3XAzx3Gq8sWRzJaVajRs0uVxA2YAkdb1jm2YkPz4G6egUFAyA3n5vtEIZefPk5Wa4UXbKuS5fKkJWdgA==}
    engines: {node: '>=10'}

  extend@3.0.2:
    resolution: {integrity: sha512-fjquC59cD7CyW6urNXK0FBufkZcoiGG80wTuPujX590cB5Ttln20E2UB4S/WARVqhXffZl2LNgS+gQdPIIim/g==}

  fast-glob@3.3.2:
    resolution: {integrity: sha512-oX2ruAFQwf/Orj8m737Y5adxDQO0LAB7/S5MnxCdTNDd4p6BsyIVsv9JQsATbTSq8KHRpLwIHbVlUNatxd+1Ow==}
    engines: {node: '>=8.6.0'}

  fastq@1.17.1:
    resolution: {integrity: sha512-sRVD3lWVIXWg6By68ZN7vho9a1pQcN/WBFaAAsDDFzlJjvoGx0P8z7V1t72grFJfJhu3YPZBuu25f7Kaw2jN1w==}

  fault@1.0.4:
    resolution: {integrity: sha512-CJ0HCB5tL5fYTEA7ToAq5+kTwd++Borf1/bifxd9iT70QcXr4MRrO3Llf8Ifs70q+SJcGHFtnIE/Nw6giCtECA==}

  fill-range@7.1.1:
    resolution: {integrity: sha512-YsGpe3WHLK8ZYi4tWDg2Jy3ebRz2rXowDxnld4bkQB00cc/1Zw9AWnC0i9ztDJitivtQvaI9KaLyKrc+hBW0yg==}
    engines: {node: '>=8'}

  format@0.2.2:
    resolution: {integrity: sha512-wzsgA6WOq+09wrU1tsJ09udeR/YZRaeArL9e1wPbFg3GG2yDnC2ldKpxs4xunpFF9DgqCqOIra3bc1HWrJ37Ww==}
    engines: {node: '>=0.4.x'}

  frac@1.1.2:
    resolution: {integrity: sha512-w/XBfkibaTl3YDqASwfDUqkna4Z2p9cFSr1aHDt0WoMTECnRfBOv2WArlZILlqgWlmdIlALXGpM2AOhEk5W3IA==}
    engines: {node: '>=0.8'}

  fsevents@2.3.3:
    resolution: {integrity: sha512-5xoDfX+fL7faATnagmWPpbFtwh/R77WmMMqqHGS65C3vvB0YHrgF+B1YmZ3441tMj5n63k0212XNoJwzlhffQw==}
    engines: {node: ^8.16.0 || ^10.6.0 || >=11.0.0}
    os: [darwin]

  function-bind@1.1.2:
    resolution: {integrity: sha512-7XHNxH7qX9xG5mIwxkhumTox/MIRNcOgDrxWsMt2pAr23WHp6MrRlN7FBSFpCpr+oVO0F744iUgR82nJMfG2SA==}

  gaxios@6.7.1:
    resolution: {integrity: sha512-LDODD4TMYx7XXdpwxAVRAIAuB0bzv0s+ywFonY46k126qzQHT9ygyoa9tncmOiQmmDrik65UYsEkv3lbfqQ3yQ==}
    engines: {node: '>=14'}

  gcp-metadata@6.1.0:
    resolution: {integrity: sha512-Jh/AIwwgaxan+7ZUUmRLCjtchyDiqh4KjBJ5tW3plBZb5iL/BPcso8A5DlzeD9qlw0duCamnNdpFjxwaT0KyKg==}
    engines: {node: '>=14'}

  get-caller-file@2.0.5:
    resolution: {integrity: sha512-DyFP3BM/3YHTQOCUL/w0OZHR0lpKeGrxotcHWcqNEdnltqFwXVfhEBQ94eIo34AfQpo0rGki4cyIiftY06h2Fg==}
    engines: {node: 6.* || 8.* || >= 10.*}

  get-intrinsic@1.2.4:
    resolution: {integrity: sha512-5uYhsJH8VJBTv7oslg4BznJYhDoRI6waYCxMmCdnTrcCrHA/fCFKoTFz2JKKE0HdDFUF7/oQuhzumXJK7paBRQ==}
    engines: {node: '>= 0.4'}

  glob-parent@5.1.2:
    resolution: {integrity: sha512-AOIgSQCepiJYwP3ARnGx+5VnTu2HBYdzbGP45eLw1vr3zB3vZLeyed1sC9hnbcOc9/SrMyM5RPQrkGz4aS9Zow==}
    engines: {node: '>= 6'}

  globby@11.1.0:
    resolution: {integrity: sha512-jhIXaOzy1sb8IyocaruWSn1TjmnBVs8Ayhcy83rmxNJ8q2uWKCAj3CnJY+KpGSXCueAPc0i05kVvVKtP1t9S3g==}
    engines: {node: '>=10'}

  google-auth-library@9.14.1:
    resolution: {integrity: sha512-Rj+PMjoNFGFTmtItH7gHfbHpGVSb3vmnGK3nwNBqxQF9NoBpttSZI/rc0WiM63ma2uGDQtYEkMHkK9U6937NiA==}
    engines: {node: '>=14'}

  googleapis-common@7.2.0:
    resolution: {integrity: sha512-/fhDZEJZvOV3X5jmD+fKxMqma5q2Q9nZNSF3kn1F18tpxmA86BcTxAGBQdM0N89Z3bEaIs+HVznSmFJEAmMTjA==}
    engines: {node: '>=14.0.0'}

  googleapis@144.0.0:
    resolution: {integrity: sha512-ELcWOXtJxjPX4vsKMh+7V+jZvgPwYMlEhQFiu2sa9Qmt5veX8nwXPksOWGGN6Zk4xCiLygUyaz7xGtcMO+Onxw==}
    engines: {node: '>=14.0.0'}

  gopd@1.0.1:
    resolution: {integrity: sha512-d65bNlIadxvpb/A2abVdlqKqV563juRnZ1Wtk6s1sIR8uNsXR70xqIzVqxVf1eTqDunwT2MkczEeaezCKTZhwA==}

  gtoken@7.1.0:
    resolution: {integrity: sha512-pCcEwRi+TKpMlxAQObHDQ56KawURgyAf6jtIY046fJ5tIv3zDe/LEIubckAO8fj6JnAxLdmWkUfNyulQ2iKdEw==}
    engines: {node: '>=14.0.0'}

  h3@1.15.1:
    resolution: {integrity: sha512-+ORaOBttdUm1E2Uu/obAyCguiI7MbBvsLTndc3gyK3zU+SYLoZXlyCP9Xgy0gikkGufFLTZXCXD6+4BsufnmHA==}

  has-flag@4.0.0:
    resolution: {integrity: sha512-EykJT/Q1KjTWctppgIAgfSO0tKVuZUjhgMr17kqTumMl6Afv3EISleU7qZUzoXDFTAHTDC4NOoG/ZxU3EvlMPQ==}
    engines: {node: '>=8'}

  has-property-descriptors@1.0.2:
    resolution: {integrity: sha512-55JNKuIW+vq4Ke1BjOTjM2YctQIvCT7GFzHwmfZPGo5wnrgkid0YQtnAleFSqumZm4az3n2BS+erby5ipJdgrg==}

  has-proto@1.0.3:
    resolution: {integrity: sha512-SJ1amZAJUiZS+PhsVLf5tGydlaVB8EdFpaSO4gmiUKUOxk8qzn5AIy4ZeJUmh22znIdk/uMAUT2pl3FxzVUH+Q==}
    engines: {node: '>= 0.4'}

  has-symbols@1.0.3:
    resolution: {integrity: sha512-l3LCuF6MgDNwTDKkdYGEihYjt5pRPbEg46rtlmnSPlUbgmB8LOIrKJbYYFBSbnPaJexMKtiPO8hmeRjRz2Td+A==}
    engines: {node: '>= 0.4'}

  hasown@2.0.2:
    resolution: {integrity: sha512-0hJU9SCPvmMzIBdZFqNPXWa6dqh7WdH0cII9y+CyS8rG3nL48Bclra9HmKhVVUHyPWNH5Y7xDwAB7bfgSjkUMQ==}
    engines: {node: '>= 0.4'}

  http-status-codes@2.3.0:
    resolution: {integrity: sha512-RJ8XvFvpPM/Dmc5SV+dC4y5PCeOhT3x1Hq0NU3rjGeg5a/CqlhZ7uudknPwZFz4aeAXDcbAyaeP7GAo9lvngtA==}

  https-proxy-agent@7.0.5:
    resolution: {integrity: sha512-1e4Wqeblerz+tMKPIq2EMGiiWW1dIjZOksyHWSUm1rmuvw/how9hBHZ38lAGj5ID4Ik6EdkOw7NmWPy6LAwalw==}
    engines: {node: '>= 14'}

  ignore@5.3.2:
    resolution: {integrity: sha512-hsBTNUqQTDwkWtcdYI2i06Y/nUBEsNEDJKjWdigLvegy8kDuJAS8uRlpkkcQpyEXL0Z/pjDy5HBmMjRCJ2gq+g==}
    engines: {node: '>= 4'}

  iron-webcrypto@1.2.1:
    resolution: {integrity: sha512-feOM6FaSr6rEABp/eDfVseKyTMDt+KGpeB35SkVn9Tyn0CqvVsY3EwI0v5i8nMHyJnzCIQf7nsy3p41TPkJZhg==}

  is-alphabetical@1.0.4:
    resolution: {integrity: sha512-DwzsA04LQ10FHTZuL0/grVDk4rFoVH1pjAToYwBrHSxcrBIGQuXrQMtD5U1b0U2XVgKZCTLLP8u2Qxqhy3l2Vg==}

  is-alphanumerical@1.0.4:
    resolution: {integrity: sha512-UzoZUr+XfVz3t3v4KyGEniVL9BDRoQtY7tOyrRybkVNjDFWyo1yhXNGrrBTQxp3ib9BLAWs7k2YKBQsFRkZG9A==}

  is-binary-path@2.1.0:
    resolution: {integrity: sha512-ZMERYes6pDydyuGidse7OsHxtbI7WVeUEozgR/g7rd0xUimYNlvZRE/K2MgZTjWy725IfelLeVcEM97mmtRGXw==}
    engines: {node: '>=8'}

  is-buffer@2.0.5:
    resolution: {integrity: sha512-i2R6zNFDwgEHJyQUtJEk0XFi1i0dPFn/oqjK3/vPCcDeJvW5NQ83V8QbicfF1SupOaB0h8ntgBC2YiE7dfyctQ==}
    engines: {node: '>=4'}

  is-decimal@1.0.4:
    resolution: {integrity: sha512-RGdriMmQQvZ2aqaQq3awNA6dCGtKpiDFcOzrTWrDAT2MiWrKQVPmxLGHl7Y2nNu6led0kEyoX0enY0qXYsv9zw==}

  is-extglob@2.1.1:
    resolution: {integrity: sha512-SbKbANkN603Vi4jEZv49LeVJMn4yGwsbzZworEoyEiutsN3nJYdbO36zfhGJ6QEDpOZIFkDtnq5JRxmvl3jsoQ==}
    engines: {node: '>=0.10.0'}

  is-fullwidth-code-point@3.0.0:
    resolution: {integrity: sha512-zymm5+u+sCsSWyD9qNaejV3DFvhCKclKdizYaJUuHA83RLjb7nSuGnddCHGv0hk+KY7BMAlsWeK4Ueg6EV6XQg==}
    engines: {node: '>=8'}

  is-glob@4.0.3:
    resolution: {integrity: sha512-xelSayHH36ZgE7ZWhli7pW34hNbNl8Ojv5KVmkJD4hBdD3th8Tfk9vYasLM+mXWOZhFkgZfxhLSnrwRr4elSSg==}
    engines: {node: '>=0.10.0'}

  is-hexadecimal@1.0.4:
    resolution: {integrity: sha512-gyPJuv83bHMpocVYoqof5VDiZveEoGoFL8m3BXNb2VW8Xs+rz9kqO8LOQ5DH6EsuvilT1ApazU0pyl+ytbPtlw==}

  is-number@7.0.0:
    resolution: {integrity: sha512-41Cifkg6e8TylSpdtTpeLVMqvSBEVzTttHvERD741+pnZ8ANv0004MRL43QKPDlK9cGvNp6NZWZUBlbGXYxxng==}
    engines: {node: '>=0.12.0'}

  is-plain-obj@2.1.0:
    resolution: {integrity: sha512-YWnfyRwxL/+SsrWYfOpUtz5b3YD+nyfkHvjbcanzk8zgyO4ASD67uVMRt8k5bM4lLMDnXfriRhOpemw+NfT1eA==}
    engines: {node: '>=8'}

  is-stream@2.0.1:
    resolution: {integrity: sha512-hFoiJiTl63nn+kstHGBtewWSKnQLpyb155KHheA1l39uvtO9nWIop1p3udqPcUd/xbF1VLMO4n7OI6p7RbngDg==}
    engines: {node: '>=8'}

  json-bigint@1.0.0:
    resolution: {integrity: sha512-SiPv/8VpZuWbvLSMtTDU8hEfrZWg/mH/nV/b4o0CYbSxu1UIQPLdwKOCIyLQX+VIPO5vrLX3i8qtqFyhdPSUSQ==}

  jwa@2.0.0:
    resolution: {integrity: sha512-jrZ2Qx916EA+fq9cEAeCROWPTfCwi1IVHqT2tapuqLEVVDKFDENFw1oL+MwrTvH6msKxsd1YTDVw6uKEcsrLEA==}

  jws@4.0.0:
    resolution: {integrity: sha512-KDncfTmOZoOMTFG4mBlG0qUIOlc03fmzH+ru6RgYVZhPkyiy/92Owlt/8UEN+a4TXR1FQetfIpJE8ApdvdVxTg==}

  lodash@4.17.21:
    resolution: {integrity: sha512-v2kDEe57lecTulaDIuNTPy3Ry4gLGJ6Z1O3vE1krgXZNrsQ+LFTGHVxVjcXPs17LhbZVGedAJv8XZ1tvj5FvSg==}

  longest-streak@2.0.4:
    resolution: {integrity: sha512-vM6rUVCVUJJt33bnmHiZEvr7wPT78ztX7rojL+LW51bHtLh6HTjx84LA5W4+oa6aKEJA7jJu5LR6vQRBpA5DVg==}

  lru-cache@10.4.3:
    resolution: {integrity: sha512-JNAzZcXrCt42VGLuYz0zfAzDfAvJWW6AfYlDBQyDV5DClI2m5sAmK+OIO7s59XfsRsWHp02jAJrRadPRGTt6SQ==}

  luxon@3.5.0:
    resolution: {integrity: sha512-rh+Zjr6DNfUYR3bPwJEnuwDdqMbxZW7LOQfUN4B54+Cl+0o5zaU9RJ6bcidfDtC1cWCZXQ+nvX8bf6bAji37QQ==}
    engines: {node: '>=12'}

  markdown-table@2.0.0:
    resolution: {integrity: sha512-Ezda85ToJUBhM6WGaG6veasyym+Tbs3cMAw/ZhOPqXiYsr0jgocBV3j3nx+4lk47plLlIqjwuTm/ywVI+zjJ/A==}

  mdast-util-find-and-replace@1.1.1:
    resolution: {integrity: sha512-9cKl33Y21lyckGzpSmEQnIDjEfeeWelN5s1kUW1LwdB0Fkuq2u+4GdqcGEygYxJE8GVqCl0741bYXHgamfWAZA==}

  mdast-util-footnote@0.1.7:
    resolution: {integrity: sha512-QxNdO8qSxqbO2e3m09KwDKfWiLgqyCurdWTQ198NpbZ2hxntdc+VKS4fDJCmNWbAroUdYnSthu+XbZ8ovh8C3w==}

  mdast-util-from-markdown@0.8.5:
    resolution: {integrity: sha512-2hkTXtYYnr+NubD/g6KGBS/0mFmBcifAsI0yIWRiRo0PjVs6SSOSOdtzbp6kSGnShDN6G5aWZpKQ2lWRy27mWQ==}

  mdast-util-frontmatter@0.2.0:
    resolution: {integrity: sha512-FHKL4w4S5fdt1KjJCwB0178WJ0evnyyQr5kXTM3wrOVpytD0hrkvd+AOOjU9Td8onOejCkmZ+HQRT3CZ3coHHQ==}

  mdast-util-gfm-autolink-literal@0.1.3:
    resolution: {integrity: sha512-GjmLjWrXg1wqMIO9+ZsRik/s7PLwTaeCHVB7vRxUwLntZc8mzmTsLVr6HW1yLokcnhfURsn5zmSVdi3/xWWu1A==}

  mdast-util-gfm-strikethrough@0.2.3:
    resolution: {integrity: sha512-5OQLXpt6qdbttcDG/UxYY7Yjj3e8P7X16LzvpX8pIQPYJ/C2Z1qFGMmcw+1PZMUM3Z8wt8NRfYTvCni93mgsgA==}

  mdast-util-gfm-table@0.1.6:
    resolution: {integrity: sha512-j4yDxQ66AJSBwGkbpFEp9uG/LS1tZV3P33fN1gkyRB2LoRL+RR3f76m0HPHaby6F4Z5xr9Fv1URmATlRRUIpRQ==}

  mdast-util-gfm-task-list-item@0.1.6:
    resolution: {integrity: sha512-/d51FFIfPsSmCIRNp7E6pozM9z1GYPIkSy1urQ8s/o4TC22BZ7DqfHFWiqBD23bc7J3vV1Fc9O4QIHBlfuit8A==}

  mdast-util-gfm@0.1.2:
    resolution: {integrity: sha512-NNkhDx/qYcuOWB7xHUGWZYVXvjPFFd6afg6/e2g+SV4r9q5XUcCbV4Wfa3DLYIiD+xAEZc6K4MGaE/m0KDcPwQ==}

  mdast-util-to-markdown@0.6.5:
    resolution: {integrity: sha512-XeV9sDE7ZlOQvs45C9UKMtfTcctcaj/pGwH8YLbMHoMOXNNCn2LsqVQOqrF1+/NU8lKDAqozme9SCXWyo9oAcQ==}

  mdast-util-to-string@2.0.0:
    resolution: {integrity: sha512-AW4DRS3QbBayY/jJmD8437V1Gombjf8RSOUCMFBuo5iHi58AGEgVCKQ+ezHkZZDpAQS75hcBMpLqjpJTjtUL7w==}

  merge2@1.4.1:
    resolution: {integrity: sha512-8q7VEgMJW4J8tcfVPy8g09NcQwZdbwFEqhe/WZkoIzjn/3TGDwtOCYtXGxA3O8tPzpczCCDgv+P2P5y00ZJOOg==}
    engines: {node: '>= 8'}

  micromark-extension-footnote@0.3.2:
    resolution: {integrity: sha512-gr/BeIxbIWQoUm02cIfK7mdMZ/fbroRpLsck4kvFtjbzP4yi+OPVbnukTc/zy0i7spC2xYE/dbX1Sur8BEDJsQ==}

  micromark-extension-frontmatter@0.2.2:
    resolution: {integrity: sha512-q6nPLFCMTLtfsctAuS0Xh4vaolxSFUWUWR6PZSrXXiRy+SANGllpcqdXFv2z07l0Xz/6Hl40hK0ffNCJPH2n1A==}

  micromark-extension-gfm-autolink-literal@0.5.7:
    resolution: {integrity: sha512-ePiDGH0/lhcngCe8FtH4ARFoxKTUelMp4L7Gg2pujYD5CSMb9PbblnyL+AAMud/SNMyusbS2XDSiPIRcQoNFAw==}

  micromark-extension-gfm-strikethrough@0.6.5:
    resolution: {integrity: sha512-PpOKlgokpQRwUesRwWEp+fHjGGkZEejj83k9gU5iXCbDG+XBA92BqnRKYJdfqfkrRcZRgGuPuXb7DaK/DmxOhw==}

  micromark-extension-gfm-table@0.4.3:
    resolution: {integrity: sha512-hVGvESPq0fk6ALWtomcwmgLvH8ZSVpcPjzi0AjPclB9FsVRgMtGZkUcpE0zgjOCFAznKepF4z3hX8z6e3HODdA==}

  micromark-extension-gfm-tagfilter@0.3.0:
    resolution: {integrity: sha512-9GU0xBatryXifL//FJH+tAZ6i240xQuFrSL7mYi8f4oZSbc+NvXjkrHemeYP0+L4ZUT+Ptz3b95zhUZnMtoi/Q==}

  micromark-extension-gfm-task-list-item@0.3.3:
    resolution: {integrity: sha512-0zvM5iSLKrc/NQl84pZSjGo66aTGd57C1idmlWmE87lkMcXrTxg1uXa/nXomxJytoje9trP0NDLvw4bZ/Z/XCQ==}

  micromark-extension-gfm@0.3.3:
    resolution: {integrity: sha512-oVN4zv5/tAIA+l3GbMi7lWeYpJ14oQyJ3uEim20ktYFAcfX1x3LNlFGGlmrZHt7u9YlKExmyJdDGaTt6cMSR/A==}

  micromark@2.11.4:
    resolution: {integrity: sha512-+WoovN/ppKolQOFIAajxi7Lu9kInbPxFuTBVEavFcL8eAfVstoc5MocPmqBeAdBOJV00uaVjegzH4+MA0DN/uA==}

  micromatch@4.0.8:
    resolution: {integrity: sha512-PXwfBhYu0hBCPw8Dn0E+WDYb7af3dSLVWKi3HGv84IdF4TyFoC0ysxFd0Goxw7nSv4T/PzEJQxsYsEiFCKo2BA==}
    engines: {node: '>=8.6'}

  ms@2.1.3:
    resolution: {integrity: sha512-6FlzubTLZG3J2a/NVCAleEhjzq5oxgHyaCU9yYXvcLsvoVaHJq/s5xXI6/XXP6tz7R9xAOtHnSO/tXtF3WRTlA==}

  mylas@2.1.13:
    resolution: {integrity: sha512-+MrqnJRtxdF+xngFfUUkIMQrUUL0KsxbADUkn23Z/4ibGg192Q+z+CQyiYwvWTsYjJygmMR8+w3ZDa98Zh6ESg==}
    engines: {node: '>=12.0.0'}

  neotraverse@0.6.18:
    resolution: {integrity: sha512-Z4SmBUweYa09+o6pG+eASabEpP6QkQ70yHj351pQoEXIs8uHbaU2DWVmzBANKgflPa47A50PtB2+NgRpQvr7vA==}
    engines: {node: '>= 10'}

  node-fetch-native@1.6.6:
    resolution: {integrity: sha512-8Mc2HhqPdlIfedsuZoc3yioPuzp6b+L5jRCRY1QzuWZh2EGJVQrGppC6V6cF0bLdbW0+O2YpqCA25aF/1lvipQ==}

  node-fetch@2.7.0:
    resolution: {integrity: sha512-c4FRfUm/dbcWZ7U+1Wq0AwCyFL+3nt2bEw05wfxSz+DWpWsitgmSgYmy2dQdWyKC1694ELPqMs/YzUSNozLt8A==}
    engines: {node: 4.x || >=6.0.0}
    peerDependencies:
      encoding: ^0.1.0
    peerDependenciesMeta:
      encoding:
        optional: true

  node-mock-http@1.0.0:
    resolution: {integrity: sha512-0uGYQ1WQL1M5kKvGRXWQ3uZCHtLTO8hln3oBjIusM75WoesZ909uQJs/Hb946i2SS+Gsrhkaa6iAO17jRIv6DQ==}

  normalize-path@3.0.0:
    resolution: {integrity: sha512-6eZs5Ls3WtCisHWp9S2GUy8dqkpGi4BVSz3GaqiE6ezub0512ESztXUwUB6C6IKbQkY2Pnb/mD4WYojCRwcwLA==}
    engines: {node: '>=0.10.0'}

  object-inspect@1.13.2:
    resolution: {integrity: sha512-IRZSRuzJiynemAXPYtPe5BoI/RESNYR7TYm50MC5Mqbd3Jmw5y790sErYw3V6SryFJD64b74qQQs9wn5Bg/k3g==}
    engines: {node: '>= 0.4'}

  ofetch@1.4.1:
    resolution: {integrity: sha512-QZj2DfGplQAr2oj9KzceK9Hwz6Whxazmn85yYeVuS3u9XTMOGMRx0kO95MQ+vLsj/S/NwBDMMLU5hpxvI6Tklw==}

  parse-entities@2.0.0:
    resolution: {integrity: sha512-kkywGpCcRYhqQIchaWqZ875wzpS/bMKhz5HnN3p7wveJTkTtyAB/AlnS0f8DFSqYW1T82t6yEAkEcB+A1I3MbQ==}

  path-type@4.0.0:
    resolution: {integrity: sha512-gDKb8aZMDeD/tZWs9P6+q0J9Mwkdl6xMV8TjnGP3qJVJ06bdMgkbBlLU8IdfOsIsFz2BW1rNVT3XuNEl8zPAvw==}
    engines: {node: '>=8'}

  picomatch@2.3.1:
    resolution: {integrity: sha512-JU3teHTNjmE2VCGFzuY8EXzCDVwEqB2a8fsIvwaStHhAWJEeVd1o1QD80CU6+ZdEXXSLbSsuLwJjkCBWqRQUVA==}
    engines: {node: '>=8.6'}

  plimit-lit@1.6.1:
    resolution: {integrity: sha512-B7+VDyb8Tl6oMJT9oSO2CW8XC/T4UcJGrwOVoNGwOQsQYhlpfajmrMj5xeejqaASq3V/EqThyOeATEOMuSEXiA==}
    engines: {node: '>=12'}

  qs@6.13.0:
    resolution: {integrity: sha512-+38qI9SOr8tfZ4QmJNplMUxqjbe7LKvvZgWdExBOmd+egZTtjLB67Gu0HRX3u/XOq7UU2Nx6nsjvS16Z9uwfpg==}
    engines: {node: '>=0.6'}

  queue-lit@1.5.2:
    resolution: {integrity: sha512-tLc36IOPeMAubu8BkW8YDBV+WyIgKlYU7zUNs0J5Vk9skSZ4JfGlPOqplP0aHdfv7HL0B2Pg6nwiq60Qc6M2Hw==}
    engines: {node: '>=12'}

  queue-microtask@1.2.3:
    resolution: {integrity: sha512-NuaNSa6flKT5JaSYQzJok04JzTL1CA6aGhv5rfLW3PgqA+M2ChpZQnAC8h8i4ZFkBS8X5RqkDBHA7r4hej3K9A==}

  radix3@1.1.2:
    resolution: {integrity: sha512-b484I/7b8rDEdSDKckSSBA8knMpcdsXudlE/LNL639wFoHKwLbEkQFZHWEYwDC0wa0FKUcCY+GAF73Z7wxNVFA==}

  readdirp@3.6.0:
    resolution: {integrity: sha512-hOS089on8RduqdbhvQ5Z37A0ESjsqz6qnRcffsMU3495FuTdqSm+7bhJ29JvIOsBDEEnan5DPu9t3To9VRlMzA==}
    engines: {node: '>=8.10.0'}

  readdirp@4.1.2:
    resolution: {integrity: sha512-GDhwkLfywWL2s6vEjyhri+eXmfH6j1L7JE27WhqLeYzoh/A3DBaYGEj2H/HFZCn/kMfim73FXxEJTw06WtxQwg==}
    engines: {node: '>= 14.18.0'}

  remark-footnotes@3.0.0:
    resolution: {integrity: sha512-ZssAvH9FjGYlJ/PBVKdSmfyPc3Cz4rTWgZLI4iE/SX8Nt5l3o3oEjv3wwG5VD7xOjktzdwp5coac+kJV9l4jgg==}

  remark-frontmatter@3.0.0:
    resolution: {integrity: sha512-mSuDd3svCHs+2PyO29h7iijIZx4plX0fheacJcAoYAASfgzgVIcXGYSq9GFyYocFLftQs8IOmmkgtOovs6d4oA==}

  remark-gfm@1.0.0:
    resolution: {integrity: sha512-KfexHJCiqvrdBZVbQ6RopMZGwaXz6wFJEfByIuEwGf0arvITHjiKKZ1dpXujjH9KZdm1//XJQwgfnJ3lmXaDPA==}

  remark-parse@9.0.0:
    resolution: {integrity: sha512-geKatMwSzEXKHuzBNU1z676sGcDcFoChMK38TgdHJNAYfFtsfHDQG7MoJAjs6sgYMqyLduCYWDIWZIxiPeafEw==}

  repeat-string@1.6.1:
    resolution: {integrity: sha512-PV0dzCYDNfRi1jCDbJzpW7jNNDRuCOG/jI5ctQcGKt/clZD+YcPS3yIlWuTJMmESC8aevCFmWJy5wjAFgNqN6w==}
    engines: {node: '>=0.10'}

  require-directory@2.1.1:
    resolution: {integrity: sha512-fGxEI7+wsG9xrvdjsrlmL22OMTTiHRwAMroiEeMgq8gzoLC/PQr7RsRDSTLUg/bZAZtF+TVIkHc6/4RIKrui+Q==}
    engines: {node: '>=0.10.0'}

  reusify@1.0.4:
    resolution: {integrity: sha512-U9nH88a3fc/ekCF1l0/UP1IosiuIjyTh7hBvXVMHYgVcfGvt897Xguj2UOLDeI5BG2m7/uwyaLVT6fbtCwTyzw==}
    engines: {iojs: '>=1.0.0', node: '>=0.10.0'}

  run-parallel@1.2.0:
    resolution: {integrity: sha512-5l4VyZR86LZ/lDxZTR6jqL8AFE2S0IFLMP26AbjsLVADxHdhB/c0GUsH+y39UfCi3dzz8OlQuPmnaJOMoDHQBA==}

  rxjs@7.8.1:
    resolution: {integrity: sha512-AA3TVj+0A2iuIoQkWEK/tqFjBq2j+6PO6Y0zJcvzLAFhEFIO3HL0vls9hWLncZbAAbK0mar7oZ4V079I/qPMxg==}

  safe-buffer@5.2.1:
    resolution: {integrity: sha512-rp3So07KcdmmKbGvgaNxQSJr7bGVSVk5S9Eq1F+ppbRo70+YeaDxkw5Dd8NPN+GD6bjnYm2VuPuCXmpuYvmCXQ==}

  set-function-length@1.2.2:
    resolution: {integrity: sha512-pgRc4hJ4/sNjWCSS9AmnS40x3bNMDTknHgL5UaMBTMyJnU90EgWh1Rz+MC9eFu4BuN/UwZjKQuY/1v3rM7HMfg==}
    engines: {node: '>= 0.4'}

  shell-quote@1.8.1:
    resolution: {integrity: sha512-6j1W9l1iAs/4xYBI1SYOVZyFcCis9b4KCLQ8fgAGG07QvzaRLVVRQvAy85yNmmZSjYjg4MWh4gNvlPujU/5LpA==}

  side-channel@1.0.6:
    resolution: {integrity: sha512-fDW/EZ6Q9RiO8eFG8Hj+7u/oW+XrPTIChwCOM2+th2A6OblDtYYIpve9m+KvI9Z4C9qSEXlaGR6bTEYHReuglA==}
    engines: {node: '>= 0.4'}

  slash@3.0.0:
    resolution: {integrity: sha512-g9Q1haeby36OSStwb4ntCGGGaKsaVSjQ68fBxoQcutl5fS1vuY18H3wSt3jFyFtrkx+Kz0V1G85A4MyAdDMi2Q==}
    engines: {node: '>=8'}

  ssf@0.11.2:
    resolution: {integrity: sha512-+idbmIXoYET47hH+d7dfm2epdOMUDjqcB4648sTZ+t2JwoyBFL/insLfB/racrDmsKB3diwsDA696pZMieAC5g==}
    engines: {node: '>=0.8'}

  string-width@4.2.3:
    resolution: {integrity: sha512-wKyQRQpjJ0sIp62ErSZdGsjMJWsap5oRNihHhu6G7JVO/9jIB6UyevL+tXuOqrng8j/cxKTWyWUwvSTriiZz/g==}
    engines: {node: '>=8'}

  strip-ansi@6.0.1:
    resolution: {integrity: sha512-Y38VPSHcqkFrCpFnQ9vuSXmquuv5oXOKpGeT6aGrr3o3Gc9AlVa6JBfUSOCnbxGGZF+/0ooI7KrPuUSztUdU5A==}
    engines: {node: '>=8'}

  supports-color@7.2.0:
    resolution: {integrity: sha512-qpCAvRl9stuOHveKsn7HncJRvv501qIacKzQlO/+Lwxc9+0q2wLyv4Dfvt80/DPn2pqOBsJdDiogXGR9+OvwRw==}
    engines: {node: '>=8'}

  supports-color@8.1.1:
    resolution: {integrity: sha512-MpUEN2OodtUzxvKQl72cUF7RQ5EiHsGvSsVG0ia9c5RbWGL2CI4C7EpPS8UTBIplnlzZiNuV56w+FuNxy3ty2Q==}
    engines: {node: '>=10'}

  to-regex-range@5.0.1:
    resolution: {integrity: sha512-65P7iz6X5yEr1cwcgvQxbbIw7Uk3gOy5dIdtZ4rDveLqhrdJP+Li/Hx6tyK0NEb+2GCyneCMJiGqrADCSNk8sQ==}
    engines: {node: '>=8.0'}

  tr46@0.0.3:
    resolution: {integrity: sha512-N3WMsuqV66lT30CrXNbEjx4GEwlow3v6rr4mCcv6prnfwhS01rkgyFdjPNBYd9br7LpXV1+Emh01fHnq2Gdgrw==}

  tree-kill@1.2.2:
    resolution: {integrity: sha512-L0Orpi8qGpRG//Nd+H90vFB+3iHnue1zSSGmNOOCh1GLJ7rUKVwV2HvijphGQS2UmhUZewS9VgvxYIdgr+fG1A==}
    hasBin: true

  trough@1.0.5:
    resolution: {integrity: sha512-rvuRbTarPXmMb79SmzEp8aqXNKcK+y0XaB298IXueQ8I2PsrATcPBCSPyK/dDNa2iWOhKlfNnOjdAOTBU/nkFA==}

  tsc-alias@1.8.10:
    resolution: {integrity: sha512-Ibv4KAWfFkFdKJxnWfVtdOmB0Zi1RJVxcbPGiCDsFpCQSsmpWyuzHG3rQyI5YkobWwxFPEyQfu1hdo4qLG2zPw==}
    hasBin: true

  tslib@2.7.0:
    resolution: {integrity: sha512-gLXCKdN1/j47AiHiOkJN69hJmcbGTHI0ImLmbYLHykhgeN0jVGola9yVjFgzCUklsZQMW55o+dW7IXv3RCXDzA==}

  typescript@5.6.2:
    resolution: {integrity: sha512-NW8ByodCSNCwZeghjN3o+JX5OFH0Ojg6sadjEKY4huZ52TqbJTJnDo5+Tw98lSy63NZvi4n+ez5m2u5d4PkZyw==}
    engines: {node: '>=14.17'}
    hasBin: true

  ufo@1.5.4:
    resolution: {integrity: sha512-UsUk3byDzKd04EyoZ7U4DOlxQaD14JUKQl6/P7wiX4FNvUfm3XL246n9W5AmqwW5RSFJ27NAuM0iLscAOYUiGQ==}

  uncrypto@0.1.3:
    resolution: {integrity: sha512-Ql87qFHB3s/De2ClA9e0gsnS6zXG27SkTiSJwjCc9MebbfapQfuPzumMIUMi38ezPZVNFcHI9sUIepeQfw8J8Q==}

  undici-types@6.19.8:
    resolution: {integrity: sha512-ve2KP6f/JnbPBFyobGHuerC9g1FYGn/F8n1LWTwNxCEzd6IfqTwUQcNXgEtmmQ6DlRrC1hrSrBnCZPokRrDHjw==}

  unified@9.2.2:
    resolution: {integrity: sha512-Sg7j110mtefBD+qunSLO1lqOEKdrwBFBrR6Qd8f4uwkhWNlbkaqwHse6e7QvD3AP/MNoJdEDLaf8OxYyoWgorQ==}

  unist-util-is@4.1.0:
    resolution: {integrity: sha512-ZOQSsnce92GrxSqlnEEseX0gi7GH9zTJZ0p9dtu87WRb/37mMPO2Ilx1s/t9vBHrFhbgweUwb+t7cIn5dxPhZg==}

  unist-util-stringify-position@2.0.3:
    resolution: {integrity: sha512-3faScn5I+hy9VleOq/qNbAd6pAx7iH5jYBMS9I1HgQVijz/4mv5Bvw5iw1sC/90CODiKo81G/ps8AJrISn687g==}

  unist-util-visit-parents@3.1.1:
    resolution: {integrity: sha512-1KROIZWo6bcMrZEwiH2UrXDyalAa0uqzWCxCJj6lPOvTve2WkfgCytoDTPaMnodXh1WrXOq0haVYHj99ynJlsg==}

  unstorage@1.15.0:
    resolution: {integrity: sha512-m40eHdGY/gA6xAPqo8eaxqXgBuzQTlAKfmB1iF7oCKXE1HfwHwzDJBywK+qQGn52dta+bPlZluPF7++yR3p/bg==}
    peerDependencies:
      '@azure/app-configuration': ^1.8.0
      '@azure/cosmos': ^4.2.0
      '@azure/data-tables': ^13.3.0
      '@azure/identity': ^4.6.0
      '@azure/keyvault-secrets': ^4.9.0
      '@azure/storage-blob': ^12.26.0
      '@capacitor/preferences': ^6.0.3
      '@deno/kv': '>=0.9.0'
      '@netlify/blobs': ^6.5.0 || ^7.0.0 || ^8.1.0
      '@planetscale/database': ^1.19.0
      '@upstash/redis': ^1.34.3
      '@vercel/blob': '>=0.27.1'
      '@vercel/kv': ^1.0.1
      aws4fetch: ^1.0.20
      db0: '>=0.2.1'
      idb-keyval: ^6.2.1
      ioredis: ^5.4.2
      uploadthing: ^7.4.4
    peerDependenciesMeta:
      '@azure/app-configuration':
        optional: true
      '@azure/cosmos':
        optional: true
      '@azure/data-tables':
        optional: true
      '@azure/identity':
        optional: true
      '@azure/keyvault-secrets':
        optional: true
      '@azure/storage-blob':
        optional: true
      '@capacitor/preferences':
        optional: true
      '@deno/kv':
        optional: true
      '@netlify/blobs':
        optional: true
      '@planetscale/database':
        optional: true
      '@upstash/redis':
        optional: true
      '@vercel/blob':
        optional: true
      '@vercel/kv':
        optional: true
      aws4fetch:
        optional: true
      db0:
        optional: true
      idb-keyval:
        optional: true
      ioredis:
        optional: true
      uploadthing:
        optional: true

  url-template@2.0.8:
    resolution: {integrity: sha512-XdVKMF4SJ0nP/O7XIPB0JwAEuT9lDIYnNsK8yGVe43y0AWoKeJNdv3ZNWh7ksJ6KqQFjOO6ox/VEitLnaVNufw==}

  uuid@9.0.1:
    resolution: {integrity: sha512-b+1eJOlsR9K8HJpow9Ok3fiWOWSIcIzXodvv0rQjVoOVNpWMpxf1wZNpt4y9h10odCNrqnYp1OBzRktckBe3sA==}
    hasBin: true

  vfile-message@2.0.4:
    resolution: {integrity: sha512-DjssxRGkMvifUOJre00juHoP9DPWuzjxKuMDrhNbk2TdaYYBNMStsNhEOt3idrtI12VQYM/1+iM0KOzXi4pxwQ==}

  vfile@4.2.1:
    resolution: {integrity: sha512-O6AE4OskCG5S1emQ/4gl8zK586RqA3srz3nfK/Viy0UPToBc5Trp9BVFb1u0CjsKrAWwnpr4ifM/KBXPWwJbCA==}

  webidl-conversions@3.0.1:
    resolution: {integrity: sha512-2JAn3z8AR6rjK8Sm8orRC0h/bcl/DqL7tRPdGZ4I1CjdF+EaMLmYxBHyXuKL849eucPFhvBoxMsflfOb8kxaeQ==}

  whatwg-url@5.0.0:
    resolution: {integrity: sha512-saE57nupxk6v3HY35+jzBwYa0rKSy0XR8JSxZPwgLr7ys0IBzhGviA1/TUGJLmSVqs8pb9AnvICXEuOHLprYTw==}

  wmf@1.0.2:
    resolution: {integrity: sha512-/p9K7bEh0Dj6WbXg4JG0xvLQmIadrner1bi45VMJTfnbVHsc7yIajZyoSoK60/dtVBs12Fm6WkUI5/3WAVsNMw==}
    engines: {node: '>=0.8'}

  word@0.3.0:
    resolution: {integrity: sha512-OELeY0Q61OXpdUfTp+oweA/vtLVg5VDOXh+3he3PNzLGG/y0oylSOC1xRVj0+l4vQ3tj/bB1HVHv1ocXkQceFA==}
    engines: {node: '>=0.8'}

  wrap-ansi@7.0.0:
    resolution: {integrity: sha512-YVGIj2kamLSTxw6NsZjoBxfSwsn0ycdesmc4p+Q21c5zPuZ1pl+NfxVdxPtdHvmNVOQ6XSYG4AUtyt/Fi7D16Q==}
    engines: {node: '>=10'}

  xlsx@0.18.5:
    resolution: {integrity: sha512-dmg3LCjBPHZnQp5/F/+nnTa+miPJxUXB6vtk42YjBBKayDNagxGEeIdWApkYPOf3Z3pm3k62Knjzp7lMeTEtFQ==}
    engines: {node: '>=0.8'}
    hasBin: true

  y18n@5.0.8:
    resolution: {integrity: sha512-0pfFzegeDWJHJIAmTLRP2DwHjdF5s7jo9tuztdQxAhINCdvS+3nGINqPd00AphqJR/0LhANUS6/+7SCb98YOfA==}
    engines: {node: '>=10'}

  yargs-parser@21.1.1:
    resolution: {integrity: sha512-tVpsJW7DdjecAiFpbIB1e3qxIQsE6NoPc5/eTdrbbIC4h0LVsWhnoa3g+m2HclBIujHzsxZ4VJVA+GUuc2/LBw==}
    engines: {node: '>=12'}

  yargs@17.7.2:
    resolution: {integrity: sha512-7dSzzRQ++CKnNI/krKnYRV7JKKPUXMEh61soaHKg9mrWEhzFWhFnxPxGl+69cD1Ou63C13NUPCnmIcrvqCuM6w==}
    engines: {node: '>=12'}

  zwitch@1.0.5:
    resolution: {integrity: sha512-V50KMwwzqJV0NpZIZFwfOD5/lyny3WlSzRiXgA0G7VUnRlqttta1L6UQIHzd6EuBY/cHGfwTIck7w1yH6Q5zUw==}

snapshots:

  '@nodelib/fs.scandir@2.1.5':
    dependencies:
      '@nodelib/fs.stat': 2.0.5
      run-parallel: 1.2.0

  '@nodelib/fs.stat@2.0.5': {}

  '@nodelib/fs.walk@1.2.8':
    dependencies:
      '@nodelib/fs.scandir': 2.1.5
      fastq: 1.17.1

  '@textlint/ast-node-types@14.4.2': {}

  '@textlint/markdown-to-ast@14.4.2':
    dependencies:
      '@textlint/ast-node-types': 14.4.2
      debug: 4.4.0
      mdast-util-gfm-autolink-literal: 0.1.3
      neotraverse: 0.6.18
      remark-footnotes: 3.0.0
      remark-frontmatter: 3.0.0
      remark-gfm: 1.0.0
      remark-parse: 9.0.0
      unified: 9.2.2
    transitivePeerDependencies:
      - supports-color

  '@types/luxon@3.4.2': {}

  '@types/mdast@3.0.15':
    dependencies:
      '@types/unist': 2.0.11

  '@types/node@22.7.5':
    dependencies:
      undici-types: 6.19.8

  '@types/textract@2.4.5':
    dependencies:
      '@types/node': 22.7.5

  '@types/unist@2.0.11': {}

  adler-32@1.3.1: {}

  agent-base@7.1.1:
    dependencies:
      debug: 4.3.7
    transitivePeerDependencies:
      - supports-color

  ansi-regex@5.0.1: {}

  ansi-styles@4.3.0:
    dependencies:
      color-convert: 2.0.1

  anymatch@3.1.3:
    dependencies:
      normalize-path: 3.0.0
      picomatch: 2.3.1

  array-union@2.1.0: {}

  bail@1.0.5: {}

  base64-js@1.5.1: {}

  bignumber.js@9.1.2: {}

  binary-extensions@2.3.0: {}

  braces@3.0.3:
    dependencies:
      fill-range: 7.1.1

  buffer-equal-constant-time@1.0.1: {}

  buffer-image-size@0.6.4:
    dependencies:
      '@types/node': 22.7.5

  call-bind@1.0.7:
    dependencies:
      es-define-property: 1.0.0
      es-errors: 1.3.0
      function-bind: 1.1.2
      get-intrinsic: 1.2.4
      set-function-length: 1.2.2

  ccount@1.1.0: {}

  cfb@1.2.2:
    dependencies:
      adler-32: 1.3.1
      crc-32: 1.2.2

  chalk@4.1.2:
    dependencies:
      ansi-styles: 4.3.0
      supports-color: 7.2.0

  character-entities-legacy@1.1.4: {}

  character-entities@1.2.4: {}

  character-reference-invalid@1.1.4: {}

  chokidar@3.6.0:
    dependencies:
      anymatch: 3.1.3
      braces: 3.0.3
      glob-parent: 5.1.2
      is-binary-path: 2.1.0
      is-glob: 4.0.3
      normalize-path: 3.0.0
      readdirp: 3.6.0
    optionalDependencies:
      fsevents: 2.3.3

  chokidar@4.0.3:
    dependencies:
      readdirp: 4.1.2

  cliui@8.0.1:
    dependencies:
      string-width: 4.2.3
      strip-ansi: 6.0.1
      wrap-ansi: 7.0.0

  codepage@1.15.0: {}

  color-convert@2.0.1:
    dependencies:
      color-name: 1.1.4

  color-name@1.1.4: {}

  commander@9.5.0: {}

  concurrently@9.0.1:
    dependencies:
      chalk: 4.1.2
      lodash: 4.17.21
      rxjs: 7.8.1
      shell-quote: 1.8.1
      supports-color: 8.1.1
      tree-kill: 1.2.2
      yargs: 17.7.2

  cookie-es@1.2.2: {}

  crc-32@1.2.2: {}

  crossws@0.3.4:
    dependencies:
      uncrypto: 0.1.3

  debug@4.3.7:
    dependencies:
      ms: 2.1.3

  debug@4.4.0:
    dependencies:
      ms: 2.1.3

  define-data-property@1.1.4:
    dependencies:
      es-define-property: 1.0.0
      es-errors: 1.3.0
      gopd: 1.0.1

  defu@6.1.4: {}

  destr@2.0.3: {}

  dir-glob@3.0.1:
    dependencies:
      path-type: 4.0.0

  ecdsa-sig-formatter@1.0.11:
    dependencies:
      safe-buffer: 5.2.1

  emoji-regex@8.0.0: {}

  es-define-property@1.0.0:
    dependencies:
      get-intrinsic: 1.2.4

  es-errors@1.3.0: {}

  escalade@3.2.0: {}

  escape-string-regexp@4.0.0: {}

  extend@3.0.2: {}

  fast-glob@3.3.2:
    dependencies:
      '@nodelib/fs.stat': 2.0.5
      '@nodelib/fs.walk': 1.2.8
      glob-parent: 5.1.2
      merge2: 1.4.1
      micromatch: 4.0.8

  fastq@1.17.1:
    dependencies:
      reusify: 1.0.4

  fault@1.0.4:
    dependencies:
      format: 0.2.2

  fill-range@7.1.1:
    dependencies:
      to-regex-range: 5.0.1

  format@0.2.2: {}

  frac@1.1.2: {}

  fsevents@2.3.3:
    optional: true

  function-bind@1.1.2: {}

  gaxios@6.7.1:
    dependencies:
      extend: 3.0.2
      https-proxy-agent: 7.0.5
      is-stream: 2.0.1
      node-fetch: 2.7.0
      uuid: 9.0.1
    transitivePeerDependencies:
      - encoding
      - supports-color

  gcp-metadata@6.1.0:
    dependencies:
      gaxios: 6.7.1
      json-bigint: 1.0.0
    transitivePeerDependencies:
      - encoding
      - supports-color

  get-caller-file@2.0.5: {}

  get-intrinsic@1.2.4:
    dependencies:
      es-errors: 1.3.0
      function-bind: 1.1.2
      has-proto: 1.0.3
      has-symbols: 1.0.3
      hasown: 2.0.2

  glob-parent@5.1.2:
    dependencies:
      is-glob: 4.0.3

  globby@11.1.0:
    dependencies:
      array-union: 2.1.0
      dir-glob: 3.0.1
      fast-glob: 3.3.2
      ignore: 5.3.2
      merge2: 1.4.1
      slash: 3.0.0

  google-auth-library@9.14.1:
    dependencies:
      base64-js: 1.5.1
      ecdsa-sig-formatter: 1.0.11
      gaxios: 6.7.1
      gcp-metadata: 6.1.0
      gtoken: 7.1.0
      jws: 4.0.0
    transitivePeerDependencies:
      - encoding
      - supports-color

  googleapis-common@7.2.0:
    dependencies:
      extend: 3.0.2
      gaxios: 6.7.1
      google-auth-library: 9.14.1
      qs: 6.13.0
      url-template: 2.0.8
      uuid: 9.0.1
    transitivePeerDependencies:
      - encoding
      - supports-color

  googleapis@144.0.0:
    dependencies:
      google-auth-library: 9.14.1
      googleapis-common: 7.2.0
    transitivePeerDependencies:
      - encoding
      - supports-color

  gopd@1.0.1:
    dependencies:
      get-intrinsic: 1.2.4

  gtoken@7.1.0:
    dependencies:
      gaxios: 6.7.1
      jws: 4.0.0
    transitivePeerDependencies:
      - encoding
      - supports-color

  h3@1.15.1:
    dependencies:
      cookie-es: 1.2.2
      crossws: 0.3.4
      defu: 6.1.4
      destr: 2.0.3
      iron-webcrypto: 1.2.1
      node-mock-http: 1.0.0
      radix3: 1.1.2
      ufo: 1.5.4
      uncrypto: 0.1.3

  has-flag@4.0.0: {}

  has-property-descriptors@1.0.2:
    dependencies:
      es-define-property: 1.0.0

  has-proto@1.0.3: {}

  has-symbols@1.0.3: {}

  hasown@2.0.2:
    dependencies:
      function-bind: 1.1.2

  http-status-codes@2.3.0: {}

  https-proxy-agent@7.0.5:
    dependencies:
      agent-base: 7.1.1
      debug: 4.3.7
    transitivePeerDependencies:
      - supports-color

  ignore@5.3.2: {}

  iron-webcrypto@1.2.1: {}

  is-alphabetical@1.0.4: {}

  is-alphanumerical@1.0.4:
    dependencies:
      is-alphabetical: 1.0.4
      is-decimal: 1.0.4

  is-binary-path@2.1.0:
    dependencies:
      binary-extensions: 2.3.0

  is-buffer@2.0.5: {}

  is-decimal@1.0.4: {}

  is-extglob@2.1.1: {}

  is-fullwidth-code-point@3.0.0: {}

  is-glob@4.0.3:
    dependencies:
      is-extglob: 2.1.1

  is-hexadecimal@1.0.4: {}

  is-number@7.0.0: {}

  is-plain-obj@2.1.0: {}

  is-stream@2.0.1: {}

  json-bigint@1.0.0:
    dependencies:
      bignumber.js: 9.1.2

  jwa@2.0.0:
    dependencies:
      buffer-equal-constant-time: 1.0.1
      ecdsa-sig-formatter: 1.0.11
      safe-buffer: 5.2.1

  jws@4.0.0:
    dependencies:
      jwa: 2.0.0
      safe-buffer: 5.2.1

  lodash@4.17.21: {}

  longest-streak@2.0.4: {}

  lru-cache@10.4.3: {}

  luxon@3.5.0: {}

  markdown-table@2.0.0:
    dependencies:
      repeat-string: 1.6.1

  mdast-util-find-and-replace@1.1.1:
    dependencies:
      escape-string-regexp: 4.0.0
      unist-util-is: 4.1.0
      unist-util-visit-parents: 3.1.1

  mdast-util-footnote@0.1.7:
    dependencies:
      mdast-util-to-markdown: 0.6.5
      micromark: 2.11.4
    transitivePeerDependencies:
      - supports-color

  mdast-util-from-markdown@0.8.5:
    dependencies:
      '@types/mdast': 3.0.15
      mdast-util-to-string: 2.0.0
      micromark: 2.11.4
      parse-entities: 2.0.0
      unist-util-stringify-position: 2.0.3
    transitivePeerDependencies:
      - supports-color

  mdast-util-frontmatter@0.2.0:
    dependencies:
      micromark-extension-frontmatter: 0.2.2

  mdast-util-gfm-autolink-literal@0.1.3:
    dependencies:
      ccount: 1.1.0
      mdast-util-find-and-replace: 1.1.1
      micromark: 2.11.4
    transitivePeerDependencies:
      - supports-color

  mdast-util-gfm-strikethrough@0.2.3:
    dependencies:
      mdast-util-to-markdown: 0.6.5

  mdast-util-gfm-table@0.1.6:
    dependencies:
      markdown-table: 2.0.0
      mdast-util-to-markdown: 0.6.5

  mdast-util-gfm-task-list-item@0.1.6:
    dependencies:
      mdast-util-to-markdown: 0.6.5

  mdast-util-gfm@0.1.2:
    dependencies:
      mdast-util-gfm-autolink-literal: 0.1.3
      mdast-util-gfm-strikethrough: 0.2.3
      mdast-util-gfm-table: 0.1.6
      mdast-util-gfm-task-list-item: 0.1.6
      mdast-util-to-markdown: 0.6.5
    transitivePeerDependencies:
      - supports-color

  mdast-util-to-markdown@0.6.5:
    dependencies:
      '@types/unist': 2.0.11
      longest-streak: 2.0.4
      mdast-util-to-string: 2.0.0
      parse-entities: 2.0.0
      repeat-string: 1.6.1
      zwitch: 1.0.5

  mdast-util-to-string@2.0.0: {}

  merge2@1.4.1: {}

  micromark-extension-footnote@0.3.2:
    dependencies:
      micromark: 2.11.4
    transitivePeerDependencies:
      - supports-color

  micromark-extension-frontmatter@0.2.2:
    dependencies:
      fault: 1.0.4

  micromark-extension-gfm-autolink-literal@0.5.7:
    dependencies:
      micromark: 2.11.4
    transitivePeerDependencies:
      - supports-color

  micromark-extension-gfm-strikethrough@0.6.5:
    dependencies:
      micromark: 2.11.4
    transitivePeerDependencies:
      - supports-color

  micromark-extension-gfm-table@0.4.3:
    dependencies:
      micromark: 2.11.4
    transitivePeerDependencies:
      - supports-color

  micromark-extension-gfm-tagfilter@0.3.0: {}

  micromark-extension-gfm-task-list-item@0.3.3:
    dependencies:
      micromark: 2.11.4
    transitivePeerDependencies:
      - supports-color

  micromark-extension-gfm@0.3.3:
    dependencies:
      micromark: 2.11.4
      micromark-extension-gfm-autolink-literal: 0.5.7
      micromark-extension-gfm-strikethrough: 0.6.5
      micromark-extension-gfm-table: 0.4.3
      micromark-extension-gfm-tagfilter: 0.3.0
      micromark-extension-gfm-task-list-item: 0.3.3
    transitivePeerDependencies:
      - supports-color

  micromark@2.11.4:
    dependencies:
      debug: 4.4.0
      parse-entities: 2.0.0
    transitivePeerDependencies:
      - supports-color

  micromatch@4.0.8:
    dependencies:
      braces: 3.0.3
      picomatch: 2.3.1

  ms@2.1.3: {}

  mylas@2.1.13: {}

  neotraverse@0.6.18: {}

  node-fetch-native@1.6.6: {}

  node-fetch@2.7.0:
    dependencies:
      whatwg-url: 5.0.0

  node-mock-http@1.0.0: {}

  normalize-path@3.0.0: {}

  object-inspect@1.13.2: {}

  ofetch@1.4.1:
    dependencies:
      destr: 2.0.3
      node-fetch-native: 1.6.6
      ufo: 1.5.4

  parse-entities@2.0.0:
    dependencies:
      character-entities: 1.2.4
      character-entities-legacy: 1.1.4
      character-reference-invalid: 1.1.4
      is-alphanumerical: 1.0.4
      is-decimal: 1.0.4
      is-hexadecimal: 1.0.4

  path-type@4.0.0: {}

  picomatch@2.3.1: {}

  plimit-lit@1.6.1:
    dependencies:
      queue-lit: 1.5.2

  qs@6.13.0:
    dependencies:
      side-channel: 1.0.6

  queue-lit@1.5.2: {}

  queue-microtask@1.2.3: {}

  radix3@1.1.2: {}

  readdirp@3.6.0:
    dependencies:
      picomatch: 2.3.1

  readdirp@4.1.2: {}

  remark-footnotes@3.0.0:
    dependencies:
      mdast-util-footnote: 0.1.7
      micromark-extension-footnote: 0.3.2
    transitivePeerDependencies:
      - supports-color

  remark-frontmatter@3.0.0:
    dependencies:
      mdast-util-frontmatter: 0.2.0
      micromark-extension-frontmatter: 0.2.2

  remark-gfm@1.0.0:
    dependencies:
      mdast-util-gfm: 0.1.2
      micromark-extension-gfm: 0.3.3
    transitivePeerDependencies:
      - supports-color

  remark-parse@9.0.0:
    dependencies:
      mdast-util-from-markdown: 0.8.5
    transitivePeerDependencies:
      - supports-color

  repeat-string@1.6.1: {}

  require-directory@2.1.1: {}

  reusify@1.0.4: {}

  run-parallel@1.2.0:
    dependencies:
      queue-microtask: 1.2.3

  rxjs@7.8.1:
    dependencies:
      tslib: 2.7.0

  safe-buffer@5.2.1: {}

  set-function-length@1.2.2:
    dependencies:
      define-data-property: 1.1.4
      es-errors: 1.3.0
      function-bind: 1.1.2
      get-intrinsic: 1.2.4
      gopd: 1.0.1
      has-property-descriptors: 1.0.2

  shell-quote@1.8.1: {}

  side-channel@1.0.6:
    dependencies:
      call-bind: 1.0.7
      es-errors: 1.3.0
      get-intrinsic: 1.2.4
      object-inspect: 1.13.2

  slash@3.0.0: {}

  ssf@0.11.2:
    dependencies:
      frac: 1.1.2

  string-width@4.2.3:
    dependencies:
      emoji-regex: 8.0.0
      is-fullwidth-code-point: 3.0.0
      strip-ansi: 6.0.1

  strip-ansi@6.0.1:
    dependencies:
      ansi-regex: 5.0.1

  supports-color@7.2.0:
    dependencies:
      has-flag: 4.0.0

  supports-color@8.1.1:
    dependencies:
      has-flag: 4.0.0

  to-regex-range@5.0.1:
    dependencies:
      is-number: 7.0.0

  tr46@0.0.3: {}

  tree-kill@1.2.2: {}

  trough@1.0.5: {}

  tsc-alias@1.8.10:
    dependencies:
      chokidar: 3.6.0
      commander: 9.5.0
      globby: 11.1.0
      mylas: 2.1.13
      normalize-path: 3.0.0
      plimit-lit: 1.6.1

  tslib@2.7.0: {}

  typescript@5.6.2: {}

  ufo@1.5.4: {}

  uncrypto@0.1.3: {}

  undici-types@6.19.8: {}

  unified@9.2.2:
    dependencies:
      '@types/unist': 2.0.11
      bail: 1.0.5
      extend: 3.0.2
      is-buffer: 2.0.5
      is-plain-obj: 2.1.0
      trough: 1.0.5
      vfile: 4.2.1

  unist-util-is@4.1.0: {}

  unist-util-stringify-position@2.0.3:
    dependencies:
      '@types/unist': 2.0.11

  unist-util-visit-parents@3.1.1:
    dependencies:
      '@types/unist': 2.0.11
      unist-util-is: 4.1.0

  unstorage@1.15.0:
    dependencies:
      anymatch: 3.1.3
      chokidar: 4.0.3
      destr: 2.0.3
      h3: 1.15.1
      lru-cache: 10.4.3
      node-fetch-native: 1.6.6
      ofetch: 1.4.1
      ufo: 1.5.4

  url-template@2.0.8: {}

  uuid@9.0.1: {}

  vfile-message@2.0.4:
    dependencies:
      '@types/unist': 2.0.11
      unist-util-stringify-position: 2.0.3

  vfile@4.2.1:
    dependencies:
      '@types/unist': 2.0.11
      is-buffer: 2.0.5
      unist-util-stringify-position: 2.0.3
      vfile-message: 2.0.4

  webidl-conversions@3.0.1: {}

  whatwg-url@5.0.0:
    dependencies:
      tr46: 0.0.3
      webidl-conversions: 3.0.1

  wmf@1.0.2: {}

  word@0.3.0: {}

  wrap-ansi@7.0.0:
    dependencies:
      ansi-styles: 4.3.0
      string-width: 4.2.3
      strip-ansi: 6.0.1

  xlsx@0.18.5:
    dependencies:
      adler-32: 1.3.1
      cfb: 1.2.2
      codepage: 1.15.0
      crc-32: 1.2.2
      ssf: 0.11.2
      wmf: 1.0.2
      word: 0.3.0

  y18n@5.0.8: {}

  yargs-parser@21.1.1: {}

  yargs@17.7.2:
    dependencies:
      cliui: 8.0.1
      escalade: 3.2.0
      get-caller-file: 2.0.5
      require-directory: 2.1.1
      string-width: 4.2.3
      y18n: 5.0.8
      yargs-parser: 21.1.1

  zwitch@1.0.5: {}
